
Microsoft Visual Studio Solution File, Format Version 12.00
# Visual Studio Version 16
VisualStudioVersion = 16.0.31729.503
MinimumVisualStudioVersion = 10.0.40219.1
Project("{FAE04EC0-301F-11D3-BF4B-00C04F79EFBC}") = "Exc_1", "Exc_1\Exc_1.csproj", "{C28F7671-7431-4B75-9BC1-82A07DD0A95A}"
EndProject
Global
	GlobalSection(SolutionConfigurationPlatforms) = preSolution
		Debug|Any CPU = Debug|Any CPU
		Release|Any CPU = Release|Any CPU
	EndGlobalSection
	GlobalSection(ProjectConfigurationPlatforms) = postSolution
		{C28F7671-7431-4B75-9BC1-82A07DD0A95A}.Debug|Any CPU.ActiveCfg = Debug|Any CPU
		{C28F7671-7431-4B75-9BC1-82A07DD0A95A}.Debug|Any CPU.Build.0 = Debug|Any CPU
		{C28F7671-7431-4B75-9BC1-82A07DD0A95A}.Release|Any CPU.ActiveCfg = Release|Any CPU
		{C28F7671-7431-4B75-9BC1-82A07DD0A95A}.Release|Any CPU.Build.0 = Release|Any CPU
	EndGlobalSection
	GlobalSection(SolutionProperties) = preSolution
		HideSolutionNode = FALSE
	EndGlobalSection
	GlobalSection(ExtensibilityGlobals) = postSolution
		SolutionGuid = {BBF27089-FDA0-4F78-B141-C86345B7C1F8}
	EndGlobalSection
EndGlobal
